
Microsoft Visual Studio Solution File, Format Version 12.00
# Visual Studio 15
VisualStudioVersion = 15.0.27130.2024
MinimumVisualStudioVersion = 10.0.40219.1
Project("{FAE04EC0-301F-11D3-BF4B-00C04F79EFBC}") = "KDT", "WpfApplication2\KDT.csproj", "{C187CF45-BE81-4867-81E3-D0BA8E4F703C}"
EndProject
Global
	GlobalSection(SolutionConfigurationPlatforms) = preSolution
		CD_ROM|Any CPU = CD_ROM|Any CPU
		Debug|Any CPU = Debug|Any CPU
		DVD-5|Any CPU = DVD-5|Any CPU
		Release|Any CPU = Release|Any CPU
		SingleImage|Any CPU = SingleImage|Any CPU
	EndGlobalSection
	GlobalSection(ProjectConfigurationPlatforms) = postSolution
		{C187CF45-BE81-4867-81E3-D0BA8E4F703C}.CD_ROM|Any CPU.ActiveCfg = Release|Any CPU
		{C187CF45-BE81-4867-81E3-D0BA8E4F703C}.CD_ROM|Any CPU.Build.0 = Release|Any CPU
		{C187CF45-BE81-4867-81E3-D0BA8E4F703C}.Debug|Any CPU.ActiveCfg = Debug|Any CPU
		{C187CF45-BE81-4867-81E3-D0BA8E4F703C}.Debug|Any CPU.Build.0 = Debug|Any CPU
		{C187CF45-BE81-4867-81E3-D0BA8E4F703C}.DVD-5|Any CPU.ActiveCfg = Debug|Any CPU
		{C187CF45-BE81-4867-81E3-D0BA8E4F703C}.DVD-5|Any CPU.Build.0 = Debug|Any CPU
		{C187CF45-BE81-4867-81E3-D0BA8E4F703C}.Release|Any CPU.ActiveCfg = Release|Any CPU
		{C187CF45-BE81-4867-81E3-D0BA8E4F703C}.Release|Any CPU.Build.0 = Release|Any CPU
		{C187CF45-BE81-4867-81E3-D0BA8E4F703C}.SingleImage|Any CPU.ActiveCfg = Release|Any CPU
		{C187CF45-BE81-4867-81E3-D0BA8E4F703C}.SingleImage|Any CPU.Build.0 = Release|Any CPU
	EndGlobalSection
	GlobalSection(SolutionProperties) = preSolution
		HideSolutionNode = FALSE
	EndGlobalSection
	GlobalSection(ExtensibilityGlobals) = postSolution
		SolutionGuid = {A72D9657-8F6D-4C56-98CF-5280081A704F}
	EndGlobalSection
EndGlobal
